
Microsoft Visual Studio Solution File, Format Version 12.00
# Visual Studio 15
VisualStudioVersion = 15.0.28010.2046
MinimumVisualStudioVersion = 10.0.40219.1
Project("{8BC9CEB8-8B4A-11D0-8D11-00A0C91BC942}") = "Project01_Baitap01", "Project01_Baitap01\Project01_Baitap01.vcxproj", "{02D4E61C-6CF3-453C-A509-6E5C35006F09}"
EndProject
Project("{8BC9CEB8-8B4A-11D0-8D11-00A0C91BC942}") = "BaiTap01", "BaiTap01\BaiTap01.vcxproj", "{DDD43A59-3EE1-4FEC-803E-E844FE07FA26}"
EndProject
Project("{8BC9CEB8-8B4A-11D0-8D11-00A0C91BC942}") = "BaiTap03", "BaiTap03\BaiTap03.vcxproj", "{6EF1B5CA-5B53-4323-944A-D231F9B1D58B}"
EndProject
Project("{8BC9CEB8-8B4A-11D0-8D11-00A0C91BC942}") = "Project01_Baitap01_1", "Project01_Baitap01_1\Project01_Baitap01_1.vcxproj", "{4008C9ED-BF8A-4A11-952B-8F9D1BF3CA0E}"
EndProject
Project("{8BC9CEB8-8B4A-11D0-8D11-00A0C91BC942}") = "BaiTap02", "BaiTap02\BaiTap02.vcxproj", "{2CF85056-A7FA-4168-8090-BEC0CAE733C8}"
EndProject
Project("{8BC9CEB8-8B4A-11D0-8D11-00A0C91BC942}") = "Project02_Baitap02_Overloading", "Project02_Overloading\Project02_Overloading.vcxproj", "{57AC99FC-FD65-4114-8056-B3C19617AE72}"
EndProject
Project("{8BC9CEB8-8B4A-11D0-8D11-00A0C91BC942}") = "Project03_OOP", "Project03_OOP\Project03_OOP.vcxproj", "{62202A0B-CD6D-4FDA-AC7D-38DAEBF1E1A7}"
EndProject
Project("{8BC9CEB8-8B4A-11D0-8D11-00A0C91BC942}") = "Project04_template", "Project04_template\Project04_template.vcxproj", "{238DAB4D-71CD-45E2-B26C-5612422FD4CC}"
EndProject
Project("{8BC9CEB8-8B4A-11D0-8D11-00A0C91BC942}") = "BaiTap02_1", "BaiTap02_1\BaiTap02_1.vcxproj", "{5DB7190B-1221-4DA2-8269-33B9338B687E}"
EndProject
Project("{8BC9CEB8-8B4A-11D0-8D11-00A0C91BC942}") = "BaiTap02_2", "BaiTap02_2\BaiTap02_2.vcxproj", "{3C801540-A056-4DBB-987B-8139EC26E847}"
EndProject
Project("{8BC9CEB8-8B4A-11D0-8D11-00A0C91BC942}") = "Project04_template01", "Project04_template01\Project04_template01.vcxproj", "{01080FA7-86E4-4341-90CF-CC10EEEEFCAB}"
EndProject
Project("{8BC9CEB8-8B4A-11D0-8D11-00A0C91BC942}") = "ZProject_DSLK01", "ZProject_DSLK01\ZProject_DSLK01.vcxproj", "{22F839E8-C4BE-4AAE-898A-B017D9A9879C}"
EndProject
Project("{8BC9CEB8-8B4A-11D0-8D11-00A0C91BC942}") = "Project04_template02", "Project04_template02\Project04_template02.vcxproj", "{1AC4619F-3F2A-4250-A6D9-FD3441CE9CB2}"
EndProject
Project("{8BC9CEB8-8B4A-11D0-8D11-00A0C91BC942}") = "ZProject_DSLK02", "ZProject_DSLK02\ZProject_DSLK02.vcxproj", "{FD2D7CB8-2447-4DED-BBE3-5E24733395A1}"
EndProject
Project("{8BC9CEB8-8B4A-11D0-8D11-00A0C91BC942}") = "Project06_TH02", "Project06_TH02\Project06_TH02.vcxproj", "{ADD37D1B-0C3C-4B4C-BED3-2EA18279361A}"
EndProject
Project("{8BC9CEB8-8B4A-11D0-8D11-00A0C91BC942}") = "Project06_TH02_2", "Project06_TH02_2\Project06_TH02_2.vcxproj", "{87F030AD-2FDE-451F-979B-7A10DC38B7FC}"
EndProject
Project("{8BC9CEB8-8B4A-11D0-8D11-00A0C91BC942}") = "Project03_OOP_01", "Project03_OOP_01\Project03_OOP_01.vcxproj", "{87A35B48-69AD-4C53-91E1-B95B245F8C03}"
EndProject
Project("{8BC9CEB8-8B4A-11D0-8D11-00A0C91BC942}") = "Project04_template03", "Project04_template03\Project04_template03.vcxproj", "{B7527B10-E71E-434A-BC47-B90DB11355BD}"
EndProject
Project("{8BC9CEB8-8B4A-11D0-8D11-00A0C91BC942}") = "Project07_Eception01", "Project07_Eception01\Project07_Eception01.vcxproj", "{286D97D0-9C99-44C8-B68B-5DDA64229E0E}"
EndProject
Project("{8BC9CEB8-8B4A-11D0-8D11-00A0C91BC942}") = "Project06_TH03_01", "Project06_TH03_01\Project06_TH03_01.vcxproj", "{176A8BE0-2A04-433E-AFB1-88F4CD7B9BC9}"
EndProject
Project("{8BC9CEB8-8B4A-11D0-8D11-00A0C91BC942}") = "Project06_TH03_03", "Project06_TH03_03\Project06_TH03_03.vcxproj", "{BB688344-266C-4049-ABC2-CCE05C45C677}"
EndProject
Project("{8BC9CEB8-8B4A-11D0-8D11-00A0C91BC942}") = "Project08_association", "Project08_association\Project08_association.vcxproj", "{B80437E1-67B5-457D-9070-B6DCAD6A0F24}"
EndProject
Project("{8BC9CEB8-8B4A-11D0-8D11-00A0C91BC942}") = "Project08_association02", "Project08_association02\Project08_association02.vcxproj", "{D504DF9A-9F8A-4B20-8D7B-D91C9BB27C3E}"
EndProject
Project("{8BC9CEB8-8B4A-11D0-8D11-00A0C91BC942}") = "Project05_Kethua01", "Project05_Kethua01\Project05_Kethua01.vcxproj", "{25840F9A-7D24-4ED9-85A1-FCB0717FB80C}"
EndProject
Project("{8BC9CEB8-8B4A-11D0-8D11-00A0C91BC942}") = "Project05_KeThua02", "Project05_KeThua02\Project05_KeThua02.vcxproj", "{C0AA87D3-1D22-4D2F-9F25-FE54E34CC697}"
EndProject
Project("{8BC9CEB8-8B4A-11D0-8D11-00A0C91BC942}") = "Project05_KeThua03", "Project05_KeThua03\Project05_KeThua03.vcxproj", "{C7A6BAFE-1382-4096-9D8D-D353996F4785}"
EndProject
Project("{8BC9CEB8-8B4A-11D0-8D11-00A0C91BC942}") = "Project04_template05", "Project04_template05\Project04_template05.vcxproj", "{0707E676-516C-42BC-B7FC-F9001019FEE1}"
EndProject
Project("{8BC9CEB8-8B4A-11D0-8D11-00A0C91BC942}") = "Project04_template04", "Project04_template04\Project04_template04.vcxproj", "{61E874BA-17B1-45F3-82CD-FC539951A7BD}"
EndProject
Project("{8BC9CEB8-8B4A-11D0-8D11-00A0C91BC942}") = "Project04_template05_01", "Project04_template05_01\Project04_template05_01.vcxproj", "{22E8F1B1-BB51-4950-8BE0-2EEDA2DC5C35}"
EndProject
Project("{8BC9CEB8-8B4A-11D0-8D11-00A0C91BC942}") = "Project04_template05_02", "Project04_template05_02\Project04_template05_02.vcxproj", "{8EEA05A9-688A-4111-9BF0-A8DF1281CE50}"
EndProject
Global
	GlobalSection(SolutionConfigurationPlatforms) = preSolution
		Debug|x64 = Debug|x64
		Debug|x86 = Debug|x86
		Release|x64 = Release|x64
		Release|x86 = Release|x86
	EndGlobalSection
	GlobalSection(ProjectConfigurationPlatforms) = postSolution
		{02D4E61C-6CF3-453C-A509-6E5C35006F09}.Debug|x64.ActiveCfg = Debug|x64
		{02D4E61C-6CF3-453C-A509-6E5C35006F09}.Debug|x64.Build.0 = Debug|x64
		{02D4E61C-6CF3-453C-A509-6E5C35006F09}.Debug|x86.ActiveCfg = Debug|Win32
		{02D4E61C-6CF3-453C-A509-6E5C35006F09}.Debug|x86.Build.0 = Debug|Win32
		{02D4E61C-6CF3-453C-A509-6E5C35006F09}.Release|x64.ActiveCfg = Release|x64
		{02D4E61C-6CF3-453C-A509-6E5C35006F09}.Release|x64.Build.0 = Release|x64
		{02D4E61C-6CF3-453C-A509-6E5C35006F09}.Release|x86.ActiveCfg = Release|Win32
		{02D4E61C-6CF3-453C-A509-6E5C35006F09}.Release|x86.Build.0 = Release|Win32
		{DDD43A59-3EE1-4FEC-803E-E844FE07FA26}.Debug|x64.ActiveCfg = Debug|x64
		{DDD43A59-3EE1-4FEC-803E-E844FE07FA26}.Debug|x64.Build.0 = Debug|x64
		{DDD43A59-3EE1-4FEC-803E-E844FE07FA26}.Debug|x86.ActiveCfg = Debug|Win32
		{DDD43A59-3EE1-4FEC-803E-E844FE07FA26}.Debug|x86.Build.0 = Debug|Win32
		{DDD43A59-3EE1-4FEC-803E-E844FE07FA26}.Release|x64.ActiveCfg = Release|x64
		{DDD43A59-3EE1-4FEC-803E-E844FE07FA26}.Release|x64.Build.0 = Release|x64
		{DDD43A59-3EE1-4FEC-803E-E844FE07FA26}.Release|x86.ActiveCfg = Release|Win32
		{DDD43A59-3EE1-4FEC-803E-E844FE07FA26}.Release|x86.Build.0 = Release|Win32
		{6EF1B5CA-5B53-4323-944A-D231F9B1D58B}.Debug|x64.ActiveCfg = Debug|x64
		{6EF1B5CA-5B53-4323-944A-D231F9B1D58B}.Debug|x64.Build.0 = Debug|x64
		{6EF1B5CA-5B53-4323-944A-D231F9B1D58B}.Debug|x86.ActiveCfg = Debug|Win32
		{6EF1B5CA-5B53-4323-944A-D231F9B1D58B}.Debug|x86.Build.0 = Debug|Win32
		{6EF1B5CA-5B53-4323-944A-D231F9B1D58B}.Release|x64.ActiveCfg = Release|x64
		{6EF1B5CA-5B53-4323-944A-D231F9B1D58B}.Release|x64.Build.0 = Release|x64
		{6EF1B5CA-5B53-4323-944A-D231F9B1D58B}.Release|x86.ActiveCfg = Release|Win32
		{6EF1B5CA-5B53-4323-944A-D231F9B1D58B}.Release|x86.Build.0 = Release|Win32
		{4008C9ED-BF8A-4A11-952B-8F9D1BF3CA0E}.Debug|x64.ActiveCfg = Debug|x64
		{4008C9ED-BF8A-4A11-952B-8F9D1BF3CA0E}.Debug|x64.Build.0 = Debug|x64
		{4008C9ED-BF8A-4A11-952B-8F9D1BF3CA0E}.Debug|x86.ActiveCfg = Debug|Win32
		{4008C9ED-BF8A-4A11-952B-8F9D1BF3CA0E}.Debug|x86.Build.0 = Debug|Win32
		{4008C9ED-BF8A-4A11-952B-8F9D1BF3CA0E}.Release|x64.ActiveCfg = Release|x64
		{4008C9ED-BF8A-4A11-952B-8F9D1BF3CA0E}.Release|x64.Build.0 = Release|x64
		{4008C9ED-BF8A-4A11-952B-8F9D1BF3CA0E}.Release|x86.ActiveCfg = Release|Win32
		{4008C9ED-BF8A-4A11-952B-8F9D1BF3CA0E}.Release|x86.Build.0 = Release|Win32
		{2CF85056-A7FA-4168-8090-BEC0CAE733C8}.Debug|x64.ActiveCfg = Debug|x64
		{2CF85056-A7FA-4168-8090-BEC0CAE733C8}.Debug|x64.Build.0 = Debug|x64
		{2CF85056-A7FA-4168-8090-BEC0CAE733C8}.Debug|x86.ActiveCfg = Debug|Win32
		{2CF85056-A7FA-4168-8090-BEC0CAE733C8}.Debug|x86.Build.0 = Debug|Win32
		{2CF85056-A7FA-4168-8090-BEC0CAE733C8}.Release|x64.ActiveCfg = Release|x64
		{2CF85056-A7FA-4168-8090-BEC0CAE733C8}.Release|x64.Build.0 = Release|x64
		{2CF85056-A7FA-4168-8090-BEC0CAE733C8}.Release|x86.ActiveCfg = Release|Win32
		{2CF85056-A7FA-4168-8090-BEC0CAE733C8}.Release|x86.Build.0 = Release|Win32
		{57AC99FC-FD65-4114-8056-B3C19617AE72}.Debug|x64.ActiveCfg = Debug|x64
		{57AC99FC-FD65-4114-8056-B3C19617AE72}.Debug|x64.Build.0 = Debug|x64
		{57AC99FC-FD65-4114-8056-B3C19617AE72}.Debug|x86.ActiveCfg = Debug|Win32
		{57AC99FC-FD65-4114-8056-B3C19617AE72}.Debug|x86.Build.0 = Debug|Win32
		{57AC99FC-FD65-4114-8056-B3C19617AE72}.Release|x64.ActiveCfg = Release|x64
		{57AC99FC-FD65-4114-8056-B3C19617AE72}.Release|x64.Build.0 = Release|x64
		{57AC99FC-FD65-4114-8056-B3C19617AE72}.Release|x86.ActiveCfg = Release|Win32
		{57AC99FC-FD65-4114-8056-B3C19617AE72}.Release|x86.Build.0 = Release|Win32
		{62202A0B-CD6D-4FDA-AC7D-38DAEBF1E1A7}.Debug|x64.ActiveCfg = Debug|x64
		{62202A0B-CD6D-4FDA-AC7D-38DAEBF1E1A7}.Debug|x64.Build.0 = Debug|x64
		{62202A0B-CD6D-4FDA-AC7D-38DAEBF1E1A7}.Debug|x86.ActiveCfg = Debug|Win32
		{62202A0B-CD6D-4FDA-AC7D-38DAEBF1E1A7}.Debug|x86.Build.0 = Debug|Win32
		{62202A0B-CD6D-4FDA-AC7D-38DAEBF1E1A7}.Release|x64.ActiveCfg = Release|x64
		{62202A0B-CD6D-4FDA-AC7D-38DAEBF1E1A7}.Release|x64.Build.0 = Release|x64
		{62202A0B-CD6D-4FDA-AC7D-38DAEBF1E1A7}.Release|x86.ActiveCfg = Release|Win32
		{62202A0B-CD6D-4FDA-AC7D-38DAEBF1E1A7}.Release|x86.Build.0 = Release|Win32
		{238DAB4D-71CD-45E2-B26C-5612422FD4CC}.Debug|x64.ActiveCfg = Debug|x64
		{238DAB4D-71CD-45E2-B26C-5612422FD4CC}.Debug|x64.Build.0 = Debug|x64
		{238DAB4D-71CD-45E2-B26C-5612422FD4CC}.Debug|x86.ActiveCfg = Debug|Win32
		{238DAB4D-71CD-45E2-B26C-5612422FD4CC}.Debug|x86.Build.0 = Debug|Win32
		{238DAB4D-71CD-45E2-B26C-5612422FD4CC}.Release|x64.ActiveCfg = Release|x64
		{238DAB4D-71CD-45E2-B26C-5612422FD4CC}.Release|x64.Build.0 = Release|x64
		{238DAB4D-71CD-45E2-B26C-5612422FD4CC}.Release|x86.ActiveCfg = Release|Win32
		{238DAB4D-71CD-45E2-B26C-5612422FD4CC}.Release|x86.Build.0 = Release|Win32
		{5DB7190B-1221-4DA2-8269-33B9338B687E}.Debug|x64.ActiveCfg = Debug|x64
		{5DB7190B-1221-4DA2-8269-33B9338B687E}.Debug|x64.Build.0 = Debug|x64
		{5DB7190B-1221-4DA2-8269-33B9338B687E}.Debug|x86.ActiveCfg = Debug|Win32
		{5DB7190B-1221-4DA2-8269-33B9338B687E}.Debug|x86.Build.0 = Debug|Win32
		{5DB7190B-1221-4DA2-8269-33B9338B687E}.Release|x64.ActiveCfg = Release|x64
		{5DB7190B-1221-4DA2-8269-33B9338B687E}.Release|x64.Build.0 = Release|x64
		{5DB7190B-1221-4DA2-8269-33B9338B687E}.Release|x86.ActiveCfg = Release|Win32
		{5DB7190B-1221-4DA2-8269-33B9338B687E}.Release|x86.Build.0 = Release|Win32
		{3C801540-A056-4DBB-987B-8139EC26E847}.Debug|x64.ActiveCfg = Debug|x64
		{3C801540-A056-4DBB-987B-8139EC26E847}.Debug|x64.Build.0 = Debug|x64
		{3C801540-A056-4DBB-987B-8139EC26E847}.Debug|x86.ActiveCfg = Debug|Win32
		{3C801540-A056-4DBB-987B-8139EC26E847}.Debug|x86.Build.0 = Debug|Win32
		{3C801540-A056-4DBB-987B-8139EC26E847}.Release|x64.ActiveCfg = Release|x64
		{3C801540-A056-4DBB-987B-8139EC26E847}.Release|x64.Build.0 = Release|x64
		{3C801540-A056-4DBB-987B-8139EC26E847}.Release|x86.ActiveCfg = Release|Win32
		{3C801540-A056-4DBB-987B-8139EC26E847}.Release|x86.Build.0 = Release|Win32
		{01080FA7-86E4-4341-90CF-CC10EEEEFCAB}.Debug|x64.ActiveCfg = Debug|x64
		{01080FA7-86E4-4341-90CF-CC10EEEEFCAB}.Debug|x64.Build.0 = Debug|x64
		{01080FA7-86E4-4341-90CF-CC10EEEEFCAB}.Debug|x86.ActiveCfg = Debug|Win32
		{01080FA7-86E4-4341-90CF-CC10EEEEFCAB}.Debug|x86.Build.0 = Debug|Win32
		{01080FA7-86E4-4341-90CF-CC10EEEEFCAB}.Release|x64.ActiveCfg = Release|x64
		{01080FA7-86E4-4341-90CF-CC10EEEEFCAB}.Release|x64.Build.0 = Release|x64
		{01080FA7-86E4-4341-90CF-CC10EEEEFCAB}.Release|x86.ActiveCfg = Release|Win32
		{01080FA7-86E4-4341-90CF-CC10EEEEFCAB}.Release|x86.Build.0 = Release|Win32
		{22F839E8-C4BE-4AAE-898A-B017D9A9879C}.Debug|x64.ActiveCfg = Debug|x64
		{22F839E8-C4BE-4AAE-898A-B017D9A9879C}.Debug|x64.Build.0 = Debug|x64
		{22F839E8-C4BE-4AAE-898A-B017D9A9879C}.Debug|x86.ActiveCfg = Debug|Win32
		{22F839E8-C4BE-4AAE-898A-B017D9A9879C}.Debug|x86.Build.0 = Debug|Win32
		{22F839E8-C4BE-4AAE-898A-B017D9A9879C}.Release|x64.ActiveCfg = Release|x64
		{22F839E8-C4BE-4AAE-898A-B017D9A9879C}.Release|x64.Build.0 = Release|x64
		{22F839E8-C4BE-4AAE-898A-B017D9A9879C}.Release|x86.ActiveCfg = Release|Win32
		{22F839E8-C4BE-4AAE-898A-B017D9A9879C}.Release|x86.Build.0 = Release|Win32
		{1AC4619F-3F2A-4250-A6D9-FD3441CE9CB2}.Debug|x64.ActiveCfg = Debug|x64
		{1AC4619F-3F2A-4250-A6D9-FD3441CE9CB2}.Debug|x64.Build.0 = Debug|x64
		{1AC4619F-3F2A-4250-A6D9-FD3441CE9CB2}.Debug|x86.ActiveCfg = Debug|Win32
		{1AC4619F-3F2A-4250-A6D9-FD3441CE9CB2}.Debug|x86.Build.0 = Debug|Win32
		{1AC4619F-3F2A-4250-A6D9-FD3441CE9CB2}.Release|x64.ActiveCfg = Release|x64
		{1AC4619F-3F2A-4250-A6D9-FD3441CE9CB2}.Release|x64.Build.0 = Release|x64
		{1AC4619F-3F2A-4250-A6D9-FD3441CE9CB2}.Release|x86.ActiveCfg = Release|Win32
		{1AC4619F-3F2A-4250-A6D9-FD3441CE9CB2}.Release|x86.Build.0 = Release|Win32
		{FD2D7CB8-2447-4DED-BBE3-5E24733395A1}.Debug|x64.ActiveCfg = Debug|x64
		{FD2D7CB8-2447-4DED-BBE3-5E24733395A1}.Debug|x64.Build.0 = Debug|x64
		{FD2D7CB8-2447-4DED-BBE3-5E24733395A1}.Debug|x86.ActiveCfg = Debug|Win32
		{FD2D7CB8-2447-4DED-BBE3-5E24733395A1}.Debug|x86.Build.0 = Debug|Win32
		{FD2D7CB8-2447-4DED-BBE3-5E24733395A1}.Release|x64.ActiveCfg = Release|x64
		{FD2D7CB8-2447-4DED-BBE3-5E24733395A1}.Release|x64.Build.0 = Release|x64
		{FD2D7CB8-2447-4DED-BBE3-5E24733395A1}.Release|x86.ActiveCfg = Release|Win32
		{FD2D7CB8-2447-4DED-BBE3-5E24733395A1}.Release|x86.Build.0 = Release|Win32
		{ADD37D1B-0C3C-4B4C-BED3-2EA18279361A}.Debug|x64.ActiveCfg = Debug|x64
		{ADD37D1B-0C3C-4B4C-BED3-2EA18279361A}.Debug|x64.Build.0 = Debug|x64
		{ADD37D1B-0C3C-4B4C-BED3-2EA18279361A}.Debug|x86.ActiveCfg = Debug|Win32
		{ADD37D1B-0C3C-4B4C-BED3-2EA18279361A}.Debug|x86.Build.0 = Debug|Win32
		{ADD37D1B-0C3C-4B4C-BED3-2EA18279361A}.Release|x64.ActiveCfg = Release|x64
		{ADD37D1B-0C3C-4B4C-BED3-2EA18279361A}.Release|x64.Build.0 = Release|x64
		{ADD37D1B-0C3C-4B4C-BED3-2EA18279361A}.Release|x86.ActiveCfg = Release|Win32
		{ADD37D1B-0C3C-4B4C-BED3-2EA18279361A}.Release|x86.Build.0 = Release|Win32
		{87F030AD-2FDE-451F-979B-7A10DC38B7FC}.Debug|x64.ActiveCfg = Debug|x64
		{87F030AD-2FDE-451F-979B-7A10DC38B7FC}.Debug|x64.Build.0 = Debug|x64
		{87F030AD-2FDE-451F-979B-7A10DC38B7FC}.Debug|x86.ActiveCfg = Debug|Win32
		{87F030AD-2FDE-451F-979B-7A10DC38B7FC}.Debug|x86.Build.0 = Debug|Win32
		{87F030AD-2FDE-451F-979B-7A10DC38B7FC}.Release|x64.ActiveCfg = Release|x64
		{87F030AD-2FDE-451F-979B-7A10DC38B7FC}.Release|x64.Build.0 = Release|x64
		{87F030AD-2FDE-451F-979B-7A10DC38B7FC}.Release|x86.ActiveCfg = Release|Win32
		{87F030AD-2FDE-451F-979B-7A10DC38B7FC}.Release|x86.Build.0 = Release|Win32
		{87A35B48-69AD-4C53-91E1-B95B245F8C03}.Debug|x64.ActiveCfg = Debug|x64
		{87A35B48-69AD-4C53-91E1-B95B245F8C03}.Debug|x64.Build.0 = Debug|x64
		{87A35B48-69AD-4C53-91E1-B95B245F8C03}.Debug|x86.ActiveCfg = Debug|Win32
		{87A35B48-69AD-4C53-91E1-B95B245F8C03}.Debug|x86.Build.0 = Debug|Win32
		{87A35B48-69AD-4C53-91E1-B95B245F8C03}.Release|x64.ActiveCfg = Release|x64
		{87A35B48-69AD-4C53-91E1-B95B245F8C03}.Release|x64.Build.0 = Release|x64
		{87A35B48-69AD-4C53-91E1-B95B245F8C03}.Release|x86.ActiveCfg = Release|Win32
		{87A35B48-69AD-4C53-91E1-B95B245F8C03}.Release|x86.Build.0 = Release|Win32
		{B7527B10-E71E-434A-BC47-B90DB11355BD}.Debug|x64.ActiveCfg = Debug|x64
		{B7527B10-E71E-434A-BC47-B90DB11355BD}.Debug|x64.Build.0 = Debug|x64
		{B7527B10-E71E-434A-BC47-B90DB11355BD}.Debug|x86.ActiveCfg = Debug|Win32
		{B7527B10-E71E-434A-BC47-B90DB11355BD}.Debug|x86.Build.0 = Debug|Win32
		{B7527B10-E71E-434A-BC47-B90DB11355BD}.Release|x64.ActiveCfg = Release|x64
		{B7527B10-E71E-434A-BC47-B90DB11355BD}.Release|x64.Build.0 = Release|x64
		{B7527B10-E71E-434A-BC47-B90DB11355BD}.Release|x86.ActiveCfg = Release|Win32
		{B7527B10-E71E-434A-BC47-B90DB11355BD}.Release|x86.Build.0 = Release|Win32
		{286D97D0-9C99-44C8-B68B-5DDA64229E0E}.Debug|x64.ActiveCfg = Debug|x64
		{286D97D0-9C99-44C8-B68B-5DDA64229E0E}.Debug|x64.Build.0 = Debug|x64
		{286D97D0-9C99-44C8-B68B-5DDA64229E0E}.Debug|x86.ActiveCfg = Debug|Win32
		{286D97D0-9C99-44C8-B68B-5DDA64229E0E}.Debug|x86.Build.0 = Debug|Win32
		{286D97D0-9C99-44C8-B68B-5DDA64229E0E}.Release|x64.ActiveCfg = Release|x64
		{286D97D0-9C99-44C8-B68B-5DDA64229E0E}.Release|x64.Build.0 = Release|x64
		{286D97D0-9C99-44C8-B68B-5DDA64229E0E}.Release|x86.ActiveCfg = Release|Win32
		{286D97D0-9C99-44C8-B68B-5DDA64229E0E}.Release|x86.Build.0 = Release|Win32
		{176A8BE0-2A04-433E-AFB1-88F4CD7B9BC9}.Debug|x64.ActiveCfg = Debug|x64
		{176A8BE0-2A04-433E-AFB1-88F4CD7B9BC9}.Debug|x64.Build.0 = Debug|x64
		{176A8BE0-2A04-433E-AFB1-88F4CD7B9BC9}.Debug|x86.ActiveCfg = Debug|Win32
		{176A8BE0-2A04-433E-AFB1-88F4CD7B9BC9}.Debug|x86.Build.0 = Debug|Win32
		{176A8BE0-2A04-433E-AFB1-88F4CD7B9BC9}.Release|x64.ActiveCfg = Release|x64
		{176A8BE0-2A04-433E-AFB1-88F4CD7B9BC9}.Release|x64.Build.0 = Release|x64
		{176A8BE0-2A04-433E-AFB1-88F4CD7B9BC9}.Release|x86.ActiveCfg = Release|Win32
		{176A8BE0-2A04-433E-AFB1-88F4CD7B9BC9}.Release|x86.Build.0 = Release|Win32
		{BB688344-266C-4049-ABC2-CCE05C45C677}.Debug|x64.ActiveCfg = Debug|x64
		{BB688344-266C-4049-ABC2-CCE05C45C677}.Debug|x64.Build.0 = Debug|x64
		{BB688344-266C-4049-ABC2-CCE05C45C677}.Debug|x86.ActiveCfg = Debug|Win32
		{BB688344-266C-4049-ABC2-CCE05C45C677}.Debug|x86.Build.0 = Debug|Win32
		{BB688344-266C-4049-ABC2-CCE05C45C677}.Release|x64.ActiveCfg = Release|x64
		{BB688344-266C-4049-ABC2-CCE05C45C677}.Release|x64.Build.0 = Release|x64
		{BB688344-266C-4049-ABC2-CCE05C45C677}.Release|x86.ActiveCfg = Release|Win32
		{BB688344-266C-4049-ABC2-CCE05C45C677}.Release|x86.Build.0 = Release|Win32
		{B80437E1-67B5-457D-9070-B6DCAD6A0F24}.Debug|x64.ActiveCfg = Debug|x64
		{B80437E1-67B5-457D-9070-B6DCAD6A0F24}.Debug|x64.Build.0 = Debug|x64
		{B80437E1-67B5-457D-9070-B6DCAD6A0F24}.Debug|x86.ActiveCfg = Debug|Win32
		{B80437E1-67B5-457D-9070-B6DCAD6A0F24}.Debug|x86.Build.0 = Debug|Win32
		{B80437E1-67B5-457D-9070-B6DCAD6A0F24}.Release|x64.ActiveCfg = Release|x64
		{B80437E1-67B5-457D-9070-B6DCAD6A0F24}.Release|x64.Build.0 = Release|x64
		{B80437E1-67B5-457D-9070-B6DCAD6A0F24}.Release|x86.ActiveCfg = Release|Win32
		{B80437E1-67B5-457D-9070-B6DCAD6A0F24}.Release|x86.Build.0 = Release|Win32
		{D504DF9A-9F8A-4B20-8D7B-D91C9BB27C3E}.Debug|x64.ActiveCfg = Debug|x64
		{D504DF9A-9F8A-4B20-8D7B-D91C9BB27C3E}.Debug|x64.Build.0 = Debug|x64
		{D504DF9A-9F8A-4B20-8D7B-D91C9BB27C3E}.Debug|x86.ActiveCfg = Debug|Win32
		{D504DF9A-9F8A-4B20-8D7B-D91C9BB27C3E}.Debug|x86.Build.0 = Debug|Win32
		{D504DF9A-9F8A-4B20-8D7B-D91C9BB27C3E}.Release|x64.ActiveCfg = Release|x64
		{D504DF9A-9F8A-4B20-8D7B-D91C9BB27C3E}.Release|x64.Build.0 = Release|x64
		{D504DF9A-9F8A-4B20-8D7B-D91C9BB27C3E}.Release|x86.ActiveCfg = Release|Win32
		{D504DF9A-9F8A-4B20-8D7B-D91C9BB27C3E}.Release|x86.Build.0 = Release|Win32
		{25840F9A-7D24-4ED9-85A1-FCB0717FB80C}.Debug|x64.ActiveCfg = Debug|x64
		{25840F9A-7D24-4ED9-85A1-FCB0717FB80C}.Debug|x64.Build.0 = Debug|x64
		{25840F9A-7D24-4ED9-85A1-FCB0717FB80C}.Debug|x86.ActiveCfg = Debug|Win32
		{25840F9A-7D24-4ED9-85A1-FCB0717FB80C}.Debug|x86.Build.0 = Debug|Win32
		{25840F9A-7D24-4ED9-85A1-FCB0717FB80C}.Release|x64.ActiveCfg = Release|x64
		{25840F9A-7D24-4ED9-85A1-FCB0717FB80C}.Release|x64.Build.0 = Release|x64
		{25840F9A-7D24-4ED9-85A1-FCB0717FB80C}.Release|x86.ActiveCfg = Release|Win32
		{25840F9A-7D24-4ED9-85A1-FCB0717FB80C}.Release|x86.Build.0 = Release|Win32
		{C0AA87D3-1D22-4D2F-9F25-FE54E34CC697}.Debug|x64.ActiveCfg = Debug|x64
		{C0AA87D3-1D22-4D2F-9F25-FE54E34CC697}.Debug|x64.Build.0 = Debug|x64
		{C0AA87D3-1D22-4D2F-9F25-FE54E34CC697}.Debug|x86.ActiveCfg = Debug|Win32
		{C0AA87D3-1D22-4D2F-9F25-FE54E34CC697}.Debug|x86.Build.0 = Debug|Win32
		{C0AA87D3-1D22-4D2F-9F25-FE54E34CC697}.Release|x64.ActiveCfg = Release|x64
		{C0AA87D3-1D22-4D2F-9F25-FE54E34CC697}.Release|x64.Build.0 = Release|x64
		{C0AA87D3-1D22-4D2F-9F25-FE54E34CC697}.Release|x86.ActiveCfg = Release|Win32
		{C0AA87D3-1D22-4D2F-9F25-FE54E34CC697}.Release|x86.Build.0 = Release|Win32
		{C7A6BAFE-1382-4096-9D8D-D353996F4785}.Debug|x64.ActiveCfg = Debug|x64
		{C7A6BAFE-1382-4096-9D8D-D353996F4785}.Debug|x64.Build.0 = Debug|x64
		{C7A6BAFE-1382-4096-9D8D-D353996F4785}.Debug|x86.ActiveCfg = Debug|Win32
		{C7A6BAFE-1382-4096-9D8D-D353996F4785}.Debug|x86.Build.0 = Debug|Win32
		{C7A6BAFE-1382-4096-9D8D-D353996F4785}.Release|x64.ActiveCfg = Release|x64
		{C7A6BAFE-1382-4096-9D8D-D353996F4785}.Release|x64.Build.0 = Release|x64
		{C7A6BAFE-1382-4096-9D8D-D353996F4785}.Release|x86.ActiveCfg = Release|Win32
		{C7A6BAFE-1382-4096-9D8D-D353996F4785}.Release|x86.Build.0 = Release|Win32
		{0707E676-516C-42BC-B7FC-F9001019FEE1}.Debug|x64.ActiveCfg = Debug|x64
		{0707E676-516C-42BC-B7FC-F9001019FEE1}.Debug|x64.Build.0 = Debug|x64
		{0707E676-516C-42BC-B7FC-F9001019FEE1}.Debug|x86.ActiveCfg = Debug|Win32
		{0707E676-516C-42BC-B7FC-F9001019FEE1}.Debug|x86.Build.0 = Debug|Win32
		{0707E676-516C-42BC-B7FC-F9001019FEE1}.Release|x64.ActiveCfg = Release|x64
		{0707E676-516C-42BC-B7FC-F9001019FEE1}.Release|x64.Build.0 = Release|x64
		{0707E676-516C-42BC-B7FC-F9001019FEE1}.Release|x86.ActiveCfg = Release|Win32
		{0707E676-516C-42BC-B7FC-F9001019FEE1}.Release|x86.Build.0 = Release|Win32
		{61E874BA-17B1-45F3-82CD-FC539951A7BD}.Debug|x64.ActiveCfg = Debug|x64
		{61E874BA-17B1-45F3-82CD-FC539951A7BD}.Debug|x64.Build.0 = Debug|x64
		{61E874BA-17B1-45F3-82CD-FC539951A7BD}.Debug|x86.ActiveCfg = Debug|Win32
		{61E874BA-17B1-45F3-82CD-FC539951A7BD}.Debug|x86.Build.0 = Debug|Win32
		{61E874BA-17B1-45F3-82CD-FC539951A7BD}.Release|x64.ActiveCfg = Release|x64
		{61E874BA-17B1-45F3-82CD-FC539951A7BD}.Release|x64.Build.0 = Release|x64
		{61E874BA-17B1-45F3-82CD-FC539951A7BD}.Release|x86.ActiveCfg = Release|Win32
		{61E874BA-17B1-45F3-82CD-FC539951A7BD}.Release|x86.Build.0 = Release|Win32
		{22E8F1B1-BB51-4950-8BE0-2EEDA2DC5C35}.Debug|x64.ActiveCfg = Debug|x64
		{22E8F1B1-BB51-4950-8BE0-2EEDA2DC5C35}.Debug|x64.Build.0 = Debug|x64
		{22E8F1B1-BB51-4950-8BE0-2EEDA2DC5C35}.Debug|x86.ActiveCfg = Debug|Win32
		{22E8F1B1-BB51-4950-8BE0-2EEDA2DC5C35}.Debug|x86.Build.0 = Debug|Win32
		{22E8F1B1-BB51-4950-8BE0-2EEDA2DC5C35}.Release|x64.ActiveCfg = Release|x64
		{22E8F1B1-BB51-4950-8BE0-2EEDA2DC5C35}.Release|x64.Build.0 = Release|x64
		{22E8F1B1-BB51-4950-8BE0-2EEDA2DC5C35}.Release|x86.ActiveCfg = Release|Win32
		{22E8F1B1-BB51-4950-8BE0-2EEDA2DC5C35}.Release|x86.Build.0 = Release|Win32
		{8EEA05A9-688A-4111-9BF0-A8DF1281CE50}.Debug|x64.ActiveCfg = Debug|x64
		{8EEA05A9-688A-4111-9BF0-A8DF1281CE50}.Debug|x64.Build.0 = Debug|x64
		{8EEA05A9-688A-4111-9BF0-A8DF1281CE50}.Debug|x86.ActiveCfg = Debug|Win32
		{8EEA05A9-688A-4111-9BF0-A8DF1281CE50}.Debug|x86.Build.0 = Debug|Win32
		{8EEA05A9-688A-4111-9BF0-A8DF1281CE50}.Release|x64.ActiveCfg = Release|x64
		{8EEA05A9-688A-4111-9BF0-A8DF1281CE50}.Release|x64.Build.0 = Release|x64
		{8EEA05A9-688A-4111-9BF0-A8DF1281CE50}.Release|x86.ActiveCfg = Release|Win32
		{8EEA05A9-688A-4111-9BF0-A8DF1281CE50}.Release|x86.Build.0 = Release|Win32
	EndGlobalSection
	GlobalSection(SolutionProperties) = preSolution
		HideSolutionNode = FALSE
	EndGlobalSection
	GlobalSection(ExtensibilityGlobals) = postSolution
		SolutionGuid = {7E8CB6DD-9B99-41E7-916E-5CC9E13992F8}
	EndGlobalSection
EndGlobal
